{
    "_readme": [
        "This file locks the dependencies of your project to a known state",
        "Read more about it at https://getcomposer.org/doc/01-basic-usage.md#composer-lock-the-lock-file",
        "This file is @generated automatically"
    ],
    "hash": "6486368f49661506bb70cb3a594acb90",
    "content-hash": "618a23450d9fe79f7e304b029b784109",
    "packages": [
        {
            "name": "zelenin/rss-generator",
            "version": "2.1.1",
            "source": {
                "type": "git",
                "url": "https://github.com/zelenin/RSS-Generator.git",
                "reference": "c32e22a61e529fdb0363ea6c3d98d1071f082eee"
            },
            "dist": {
                "type": "zip",
                "url": "https://api.github.com/repos/zelenin/RSS-Generator/zipball/c32e22a61e529fdb0363ea6c3d98d1071f082eee",
                "reference": "c32e22a61e529fdb0363ea6c3d98d1071f082eee",
                "shasum": ""
            },
            "require": {
                "php": ">=5.4.0"
            },
            "type": "library",
            "autoload": {
                "psr-4": {
                    "Zelenin\\": ""
                }
            },
            "notification-url": "https://packagist.org/downloads/",
            "license": [
                "MIT"
            ],
            "authors": [
                {
                    "name": "Aleksandr Zelenin",
                    "email": "aleksandr@zelenin.me",
                    "homepage": "http://zelenin.me",
                    "role": "Developer"
                }
            ],
            "description": "PHP class for generating of RSS feeds. Full support of [RSSboard specification](http://www.rssboard.org/rss-specification)",
            "homepage": "https://github.com/zelenin/RSS-Generator",
            "keywords": [
                "feed",
                "generator",
                "rss"
            ],
            "time": "2014-11-15 00:00:00"
        }
    ],
    "packages-dev": [],
    "aliases": [],
    "minimum-stability": "stable",
    "stability-flags": [],
    "prefer-stable": false,
    "prefer-lowest": false,
    "platform": [],
    "platform-dev": []
}
